
Microsoft Visual Studio Solution File, Format Version 12.00
# Visual Studio Version 17
VisualStudioVersion = 17.4.33213.308
MinimumVisualStudioVersion = 10.0.40219.1
Project("{FAE04EC0-301F-11D3-BF4B-00C04F79EFBC}") = "DnDManager", "DnDManager.csproj", "{7AFBEF23-ECAB-4864-AE01-0B9930599CE4}"
EndProject
Global
	GlobalSection(SolutionConfigurationPlatforms) = preSolution
		Debug|Any CPU = Debug|Any CPU
		Release|Any CPU = Release|Any CPU
	EndGlobalSection
	GlobalSection(ProjectConfigurationPlatforms) = postSolution
		{7AFBEF23-ECAB-4864-AE01-0B9930599CE4}.Debug|Any CPU.ActiveCfg = Debug|Any CPU
		{7AFBEF23-ECAB-4864-AE01-0B9930599CE4}.Debug|Any CPU.Build.0 = Debug|Any CPU
		{7AFBEF23-ECAB-4864-AE01-0B9930599CE4}.Release|Any CPU.ActiveCfg = Release|Any CPU
		{7AFBEF23-ECAB-4864-AE01-0B9930599CE4}.Release|Any CPU.Build.0 = Release|Any CPU
	EndGlobalSection
	GlobalSection(SolutionProperties) = preSolution
		HideSolutionNode = FALSE
	EndGlobalSection
	GlobalSection(ExtensibilityGlobals) = postSolution
		SolutionGuid = {D12F09FE-F5A9-430A-9672-1E1FAF65B3C6}
	EndGlobalSection
EndGlobal
