
Microsoft Visual Studio Solution File, Format Version 12.00
# Visual Studio Version 17
VisualStudioVersion = 17.4.33213.308
MinimumVisualStudioVersion = 10.0.40219.1
Project("{FAE04EC0-301F-11D3-BF4B-00C04F79EFBC}") = "WpfApp1", "WpfApp1.csproj", "{014628A8-20A2-41BA-BD17-0AEC5BB07872}"
EndProject
Global
	GlobalSection(SolutionConfigurationPlatforms) = preSolution
		Debug|Any CPU = Debug|Any CPU
		Release|Any CPU = Release|Any CPU
	EndGlobalSection
	GlobalSection(ProjectConfigurationPlatforms) = postSolution
		{014628A8-20A2-41BA-BD17-0AEC5BB07872}.Debug|Any CPU.ActiveCfg = Debug|Any CPU
		{014628A8-20A2-41BA-BD17-0AEC5BB07872}.Debug|Any CPU.Build.0 = Debug|Any CPU
		{014628A8-20A2-41BA-BD17-0AEC5BB07872}.Release|Any CPU.ActiveCfg = Release|Any CPU
		{014628A8-20A2-41BA-BD17-0AEC5BB07872}.Release|Any CPU.Build.0 = Release|Any CPU
	EndGlobalSection
	GlobalSection(SolutionProperties) = preSolution
		HideSolutionNode = FALSE
	EndGlobalSection
	GlobalSection(ExtensibilityGlobals) = postSolution
		SolutionGuid = {E197FC72-D48F-4963-BCEC-4F095262AFCD}
	EndGlobalSection
EndGlobal
